// !$*UTF8*$!
{
	archiveVersion = 1;
	classes = {
	};
	objectVersion = 46;
	objects = {

/* Begin PBXBuildFile section */
		5A21AE411B3843D9005F01A9 /* AudioToolbox.framework in Frameworks */ = {isa = PBXBuildFile; fileRef = 5A21AE2B1B3843D9005F01A9 /* AudioToolbox.framework */; };
		5A21AE421B3843D9005F01A9 /* UIKit.framework in Frameworks */ = {isa = PBXBuildFile; fileRef = 5A21AE2C1B3843D9005F01A9 /* UIKit.framework */; };
		5A21AE431B3843D9005F01A9 /* Foundation.framework in Frameworks */ = {isa = PBXBuildFile; fileRef = 5A21AE2D1B3843D9005F01A9 /* Foundation.framework */; };
		5A21AE441B3843D9005F01A9 /* CoreGraphics.framework in Frameworks */ = {isa = PBXBuildFile; fileRef = 5A21AE2E1B3843D9005F01A9 /* CoreGraphics.framework */; };
		5A21AE451B3843D9005F01A9 /* CoreLocation.framework in Frameworks */ = {isa = PBXBuildFile; fileRef = 5A21AE2F1B3843D9005F01A9 /* CoreLocation.framework */; };
		5A21AE461B3843D9005F01A9 /* libxml2.dylib in Frameworks */ = {isa = PBXBuildFile; fileRef = 5A21AE301B3843D9005F01A9 /* libxml2.dylib */; };
		5A21AE471B3843D9005F01A9 /* MobileCoreServices.framework in Frameworks */ = {isa = PBXBuildFile; fileRef = 5A21AE311B3843D9005F01A9 /* MobileCoreServices.framework */; };
		5A21AE481B3843D9005F01A9 /* CoreMedia.framework in Frameworks */ = {isa = PBXBuildFile; fileRef = 5A21AE321B3843D9005F01A9 /* CoreMedia.framework */; };
		5A21AE491B3843D9005F01A9 /* QuartzCore.framework in Frameworks */ = {isa = PBXBuildFile; fileRef = 5A21AE331B3843D9005F01A9 /* QuartzCore.framework */; };
		5A21AE4A1B3843D9005F01A9 /* AssetsLibrary.framework in Frameworks */ = {isa = PBXBuildFile; fileRef = 5A21AE341B3843D9005F01A9 /* AssetsLibrary.framework */; };
		5A21AE4B1B3843D9005F01A9 /* CoreTelephony.framework in Frameworks */ = {isa = PBXBuildFile; fileRef = 5A21AE351B3843D9005F01A9 /* CoreTelephony.framework */; };
		5A21AE4C1B3843D9005F01A9 /* CoreText.framework in Frameworks */ = {isa = PBXBuildFile; fileRef = 5A21AE361B3843D9005F01A9 /* CoreText.framework */; };
		5A21AE4D1B3843D9005F01A9 /* MapKit.framework in Frameworks */ = {isa = PBXBuildFile; fileRef = 5A21AE371B3843D9005F01A9 /* MapKit.framework */; };
		5A21AE4E1B3843D9005F01A9 /* libz.dylib in Frameworks */ = {isa = PBXBuildFile; fileRef = 5A21AE381B3843D9005F01A9 /* libz.dylib */; };
		5A21AE4F1B3843D9005F01A9 /* SystemConfiguration.framework in Frameworks */ = {isa = PBXBuildFile; fileRef = 5A21AE391B3843D9005F01A9 /* SystemConfiguration.framework */; };
		5A21AE501B3843D9005F01A9 /* AVFoundation.framework in Frameworks */ = {isa = PBXBuildFile; fileRef = 5A21AE3A1B3843D9005F01A9 /* AVFoundation.framework */; };
		5A21AE511B3843D9005F01A9 /* ImageIO.framework in Frameworks */ = {isa = PBXBuildFile; fileRef = 5A21AE3B1B3843D9005F01A9 /* ImageIO.framework */; };
		5A21AE521B3843D9005F01A9 /* MessageUI.framework in Frameworks */ = {isa = PBXBuildFile; fileRef = 5A21AE3C1B3843D9005F01A9 /* MessageUI.framework */; };
		5A21AE531B3843D9005F01A9 /* Security.framework in Frameworks */ = {isa = PBXBuildFile; fileRef = 5A21AE3D1B3843D9005F01A9 /* Security.framework */; };
		5A21AE541B3843D9005F01A9 /* CFNetwork.framework in Frameworks */ = {isa = PBXBuildFile; fileRef = 5A21AE3E1B3843D9005F01A9 /* CFNetwork.framework */; };
		5A21AE551B3843D9005F01A9 /* MediaPlayer.framework in Frameworks */ = {isa = PBXBuildFile; fileRef = 5A21AE3F1B3843D9005F01A9 /* MediaPlayer.framework */; };
		5A21AE561B3843D9005F01A9 /* libsqlite3.0.dylib in Frameworks */ = {isa = PBXBuildFile; fileRef = 5A21AE401B3843D9005F01A9 /* libsqlite3.0.dylib */; };
		5ADEBB5B1B375C0F00E26E38 /* main.m in Sources */ = {isa = PBXBuildFile; fileRef = 5ADEBB5A1B375C0F00E26E38 /* main.m */; };
		5ADEBB5E1B375C0F00E26E38 /* AppDelegate.m in Sources */ = {isa = PBXBuildFile; fileRef = 5ADEBB5D1B375C0F00E26E38 /* AppDelegate.m */; };
		5ADEBB661B375C0F00E26E38 /* Images.xcassets in Resources */ = {isa = PBXBuildFile; fileRef = 5ADEBB651B375C0F00E26E38 /* Images.xcassets */; };
		5ADEBB691B375C0F00E26E38 /* LaunchScreen.xib in Resources */ = {isa = PBXBuildFile; fileRef = 5ADEBB671B375C0F00E26E38 /* LaunchScreen.xib */; };
		5ADEBB8C1B375D3B00E26E38 /* AzStackTestController.m in Sources */ = {isa = PBXBuildFile; fileRef = 5ADEBB831B375D3B00E26E38 /* AzStackTestController.m */; };
		BF5105A81B661CA200D4AB8D /* ThirdPartyImplement.m in Sources */ = {isa = PBXBuildFile; fileRef = BF5105A71B661CA200D4AB8D /* ThirdPartyImplement.m */; };
		BF5106091B6631C500D4AB8D /* AzStackCall.a in Frameworks */ = {isa = PBXBuildFile; fileRef = BF5106041B6631C400D4AB8D /* AzStackCall.a */; };
		BF681E421BC13B7A00A6AD5F /* AzStack.framework in Frameworks */ = {isa = PBXBuildFile; fileRef = BF681E401BC13B7A00A6AD5F /* AzStack.framework */; };
		BF681E431BC13B7A00A6AD5F /* AzStackRes.bundle in Resources */ = {isa = PBXBuildFile; fileRef = BF681E411BC13B7A00A6AD5F /* AzStackRes.bundle */; };
/* End PBXBuildFile section */

/* Begin PBXFileReference section */
		5A21AE2B1B3843D9005F01A9 /* AudioToolbox.framework */ = {isa = PBXFileReference; lastKnownFileType = wrapper.framework; name = AudioToolbox.framework; path = System/Library/Frameworks/AudioToolbox.framework; sourceTree = SDKROOT; };
		5A21AE2C1B3843D9005F01A9 /* UIKit.framework */ = {isa = PBXFileReference; lastKnownFileType = wrapper.framework; name = UIKit.framework; path = System/Library/Frameworks/UIKit.framework; sourceTree = SDKROOT; };
		5A21AE2D1B3843D9005F01A9 /* Foundation.framework */ = {isa = PBXFileReference; lastKnownFileType = wrapper.framework; name = Foundation.framework; path = System/Library/Frameworks/Foundation.framework; sourceTree = SDKROOT; };
		5A21AE2E1B3843D9005F01A9 /* CoreGraphics.framework */ = {isa = PBXFileReference; lastKnownFileType = wrapper.framework; name = CoreGraphics.framework; path = System/Library/Frameworks/CoreGraphics.framework; sourceTree = SDKROOT; };
		5A21AE2F1B3843D9005F01A9 /* CoreLocation.framework */ = {isa = PBXFileReference; lastKnownFileType = wrapper.framework; name = CoreLocation.framework; path = System/Library/Frameworks/CoreLocation.framework; sourceTree = SDKROOT; };
		5A21AE301B3843D9005F01A9 /* libxml2.dylib */ = {isa = PBXFileReference; lastKnownFileType = "compiled.mach-o.dylib"; name = libxml2.dylib; path = usr/lib/libxml2.dylib; sourceTree = SDKROOT; };
		5A21AE311B3843D9005F01A9 /* MobileCoreServices.framework */ = {isa = PBXFileReference; lastKnownFileType = wrapper.framework; name = MobileCoreServices.framework; path = System/Library/Frameworks/MobileCoreServices.framework; sourceTree = SDKROOT; };
		5A21AE321B3843D9005F01A9 /* CoreMedia.framework */ = {isa = PBXFileReference; lastKnownFileType = wrapper.framework; name = CoreMedia.framework; path = System/Library/Frameworks/CoreMedia.framework; sourceTree = SDKROOT; };
		5A21AE331B3843D9005F01A9 /* QuartzCore.framework */ = {isa = PBXFileReference; lastKnownFileType = wrapper.framework; name = QuartzCore.framework; path = System/Library/Frameworks/QuartzCore.framework; sourceTree = SDKROOT; };
		5A21AE341B3843D9005F01A9 /* AssetsLibrary.framework */ = {isa = PBXFileReference; lastKnownFileType = wrapper.framework; name = AssetsLibrary.framework; path = System/Library/Frameworks/AssetsLibrary.framework; sourceTree = SDKROOT; };
		5A21AE351B3843D9005F01A9 /* CoreTelephony.framework */ = {isa = PBXFileReference; lastKnownFileType = wrapper.framework; name = CoreTelephony.framework; path = System/Library/Frameworks/CoreTelephony.framework; sourceTree = SDKROOT; };
		5A21AE361B3843D9005F01A9 /* CoreText.framework */ = {isa = PBXFileReference; lastKnownFileType = wrapper.framework; name = CoreText.framework; path = System/Library/Frameworks/CoreText.framework; sourceTree = SDKROOT; };
		5A21AE371B3843D9005F01A9 /* MapKit.framework */ = {isa = PBXFileReference; lastKnownFileType = wrapper.framework; name = MapKit.framework; path = System/Library/Frameworks/MapKit.framework; sourceTree = SDKROOT; };
		5A21AE381B3843D9005F01A9 /* libz.dylib */ = {isa = PBXFileReference; lastKnownFileType = "compiled.mach-o.dylib"; name = libz.dylib; path = usr/lib/libz.dylib; sourceTree = SDKROOT; };
		5A21AE391B3843D9005F01A9 /* SystemConfiguration.framework */ = {isa = PBXFileReference; lastKnownFileType = wrapper.framework; name = SystemConfiguration.framework; path = System/Library/Frameworks/SystemConfiguration.framework; sourceTree = SDKROOT; };
		5A21AE3A1B3843D9005F01A9 /* AVFoundation.framework */ = {isa = PBXFileReference; lastKnownFileType = wrapper.framework; name = AVFoundation.framework; path = System/Library/Frameworks/AVFoundation.framework; sourceTree = SDKROOT; };
		5A21AE3B1B3843D9005F01A9 /* ImageIO.framework */ = {isa = PBXFileReference; lastKnownFileType = wrapper.framework; name = ImageIO.framework; path = System/Library/Frameworks/ImageIO.framework; sourceTree = SDKROOT; };
		5A21AE3C1B3843D9005F01A9 /* MessageUI.framework */ = {isa = PBXFileReference; lastKnownFileType = wrapper.framework; name = MessageUI.framework; path = System/Library/Frameworks/MessageUI.framework; sourceTree = SDKROOT; };
		5A21AE3D1B3843D9005F01A9 /* Security.framework */ = {isa = PBXFileReference; lastKnownFileType = wrapper.framework; name = Security.framework; path = System/Library/Frameworks/Security.framework; sourceTree = SDKROOT; };
		5A21AE3E1B3843D9005F01A9 /* CFNetwork.framework */ = {isa = PBXFileReference; lastKnownFileType = wrapper.framework; name = CFNetwork.framework; path = System/Library/Frameworks/CFNetwork.framework; sourceTree = SDKROOT; };
		5A21AE3F1B3843D9005F01A9 /* MediaPlayer.framework */ = {isa = PBXFileReference; lastKnownFileType = wrapper.framework; name = MediaPlayer.framework; path = System/Library/Frameworks/MediaPlayer.framework; sourceTree = SDKROOT; };
		5A21AE401B3843D9005F01A9 /* libsqlite3.0.dylib */ = {isa = PBXFileReference; lastKnownFileType = "compiled.mach-o.dylib"; name = libsqlite3.0.dylib; path = usr/lib/libsqlite3.0.dylib; sourceTree = SDKROOT; };
		5ADEBB551B375C0F00E26E38 /* AzStackTest.app */ = {isa = PBXFileReference; explicitFileType = wrapper.application; includeInIndex = 0; path = AzStackTest.app; sourceTree = BUILT_PRODUCTS_DIR; };
		5ADEBB591B375C0F00E26E38 /* Info.plist */ = {isa = PBXFileReference; lastKnownFileType = text.plist.xml; path = Info.plist; sourceTree = "<group>"; };
		5ADEBB5A1B375C0F00E26E38 /* main.m */ = {isa = PBXFileReference; lastKnownFileType = sourcecode.c.objc; path = main.m; sourceTree = "<group>"; };
		5ADEBB5C1B375C0F00E26E38 /* AppDelegate.h */ = {isa = PBXFileReference; lastKnownFileType = sourcecode.c.h; path = AppDelegate.h; sourceTree = "<group>"; };
		5ADEBB5D1B375C0F00E26E38 /* AppDelegate.m */ = {isa = PBXFileReference; lastKnownFileType = sourcecode.c.objc; path = AppDelegate.m; sourceTree = "<group>"; };
		5ADEBB651B375C0F00E26E38 /* Images.xcassets */ = {isa = PBXFileReference; lastKnownFileType = folder.assetcatalog; path = Images.xcassets; sourceTree = "<group>"; };
		5ADEBB681B375C0F00E26E38 /* Base */ = {isa = PBXFileReference; lastKnownFileType = file.xib; name = Base; path = Base.lproj/LaunchScreen.xib; sourceTree = "<group>"; };
		5ADEBB821B375D3B00E26E38 /* AzStackTestController.h */ = {isa = PBXFileReference; fileEncoding = 4; lastKnownFileType = sourcecode.c.h; path = AzStackTestController.h; sourceTree = "<group>"; };
		5ADEBB831B375D3B00E26E38 /* AzStackTestController.m */ = {isa = PBXFileReference; fileEncoding = 4; lastKnownFileType = sourcecode.c.objc; path = AzStackTestController.m; sourceTree = "<group>"; };
		5AF0EA331B4E563000A31C6B /* AzStack_Prefix.pch */ = {isa = PBXFileReference; fileEncoding = 4; lastKnownFileType = sourcecode.c.h; path = AzStack_Prefix.pch; sourceTree = "<group>"; };
		BF5105A61B661CA200D4AB8D /* ThirdPartyImplement.h */ = {isa = PBXFileReference; fileEncoding = 4; lastKnownFileType = sourcecode.c.h; path = ThirdPartyImplement.h; sourceTree = "<group>"; };
		BF5105A71B661CA200D4AB8D /* ThirdPartyImplement.m */ = {isa = PBXFileReference; fileEncoding = 4; lastKnownFileType = sourcecode.c.objc; path = ThirdPartyImplement.m; sourceTree = "<group>"; };
		BF5106041B6631C400D4AB8D /* AzStackCall.a */ = {isa = PBXFileReference; lastKnownFileType = archive.ar; path = AzStackCall.a; sourceTree = "<group>"; };
		BF681E401BC13B7A00A6AD5F /* AzStack.framework */ = {isa = PBXFileReference; lastKnownFileType = wrapper.framework; path = AzStack.framework; sourceTree = "<group>"; };
		BF681E411BC13B7A00A6AD5F /* AzStackRes.bundle */ = {isa = PBXFileReference; lastKnownFileType = "wrapper.plug-in"; path = AzStackRes.bundle; sourceTree = "<group>"; };
/* End PBXFileReference section */

/* Begin PBXFrameworksBuildPhase section */
		5ADEBB521B375C0F00E26E38 /* Frameworks */ = {
			isa = PBXFrameworksBuildPhase;
			buildActionMask = 2147483647;
			files = (
				5A21AE491B3843D9005F01A9 /* QuartzCore.framework in Frameworks */,
				5A21AE451B3843D9005F01A9 /* CoreLocation.framework in Frameworks */,
				5A21AE511B3843D9005F01A9 /* ImageIO.framework in Frameworks */,
				5A21AE461B3843D9005F01A9 /* libxml2.dylib in Frameworks */,
				5A21AE4D1B3843D9005F01A9 /* MapKit.framework in Frameworks */,
				5A21AE551B3843D9005F01A9 /* MediaPlayer.framework in Frameworks */,
				5A21AE531B3843D9005F01A9 /* Security.framework in Frameworks */,
				5A21AE4B1B3843D9005F01A9 /* CoreTelephony.framework in Frameworks */,
				5A21AE4F1B3843D9005F01A9 /* SystemConfiguration.framework in Frameworks */,
				5A21AE541B3843D9005F01A9 /* CFNetwork.framework in Frameworks */,
				5A21AE481B3843D9005F01A9 /* CoreMedia.framework in Frameworks */,
				5A21AE421B3843D9005F01A9 /* UIKit.framework in Frameworks */,
				5A21AE411B3843D9005F01A9 /* AudioToolbox.framework in Frameworks */,
				5A21AE471B3843D9005F01A9 /* MobileCoreServices.framework in Frameworks */,
				BF681E421BC13B7A00A6AD5F /* AzStack.framework in Frameworks */,
				5A21AE521B3843D9005F01A9 /* MessageUI.framework in Frameworks */,
				5A21AE501B3843D9005F01A9 /* AVFoundation.framework in Frameworks */,
				5A21AE4A1B3843D9005F01A9 /* AssetsLibrary.framework in Frameworks */,
				BF5106091B6631C500D4AB8D /* AzStackCall.a in Frameworks */,
				5A21AE4E1B3843D9005F01A9 /* libz.dylib in Frameworks */,
				5A21AE441B3843D9005F01A9 /* CoreGraphics.framework in Frameworks */,
				5A21AE431B3843D9005F01A9 /* Foundation.framework in Frameworks */,
				5A21AE561B3843D9005F01A9 /* libsqlite3.0.dylib in Frameworks */,
				5A21AE4C1B3843D9005F01A9 /* CoreText.framework in Frameworks */,
			);
			runOnlyForDeploymentPostprocessing = 0;
		};
/* End PBXFrameworksBuildPhase section */

/* Begin PBXGroup section */
		5ADEBB4C1B375C0F00E26E38 = {
			isa = PBXGroup;
			children = (
				BF883A531B379A6800FEE5CA /* Frameworks */,
				5ADEBB571B375C0F00E26E38 /* AzStackTest */,
				5ADEBB561B375C0F00E26E38 /* Products */,
			);
			sourceTree = "<group>";
		};
		5ADEBB561B375C0F00E26E38 /* Products */ = {
			isa = PBXGroup;
			children = (
				5ADEBB551B375C0F00E26E38 /* AzStackTest.app */,
			);
			name = Products;
			sourceTree = "<group>";
		};
		5ADEBB571B375C0F00E26E38 /* AzStackTest */ = {
			isa = PBXGroup;
			children = (
				BF5105A61B661CA200D4AB8D /* ThirdPartyImplement.h */,
				BF5105A71B661CA200D4AB8D /* ThirdPartyImplement.m */,
				5ADEBB821B375D3B00E26E38 /* AzStackTestController.h */,
				5ADEBB831B375D3B00E26E38 /* AzStackTestController.m */,
				5ADEBB5C1B375C0F00E26E38 /* AppDelegate.h */,
				5ADEBB5D1B375C0F00E26E38 /* AppDelegate.m */,
				5ADEBB651B375C0F00E26E38 /* Images.xcassets */,
				5ADEBB671B375C0F00E26E38 /* LaunchScreen.xib */,
				5ADEBB581B375C0F00E26E38 /* Supporting Files */,
			);
			path = AzStackTest;
			sourceTree = "<group>";
		};
		5ADEBB581B375C0F00E26E38 /* Supporting Files */ = {
			isa = PBXGroup;
			children = (
				5AF0EA331B4E563000A31C6B /* AzStack_Prefix.pch */,
				5ADEBB591B375C0F00E26E38 /* Info.plist */,
				5ADEBB5A1B375C0F00E26E38 /* main.m */,
			);
			name = "Supporting Files";
			sourceTree = "<group>";
		};
		BF5106021B6631C400D4AB8D /* AzStack */ = {
			isa = PBXGroup;
			children = (
				BF681E401BC13B7A00A6AD5F /* AzStack.framework */,
				BF681E411BC13B7A00A6AD5F /* AzStackRes.bundle */,
				BF5106041B6631C400D4AB8D /* AzStackCall.a */,
			);
			name = AzStack;
			path = AzStackTest/AzStack;
			sourceTree = "<group>";
		};
		BF883A531B379A6800FEE5CA /* Frameworks */ = {
			isa = PBXGroup;
			children = (
				BF5106021B6631C400D4AB8D /* AzStack */,
				5A21AE2B1B3843D9005F01A9 /* AudioToolbox.framework */,
				5A21AE2C1B3843D9005F01A9 /* UIKit.framework */,
				5A21AE2D1B3843D9005F01A9 /* Foundation.framework */,
				5A21AE2E1B3843D9005F01A9 /* CoreGraphics.framework */,
				5A21AE2F1B3843D9005F01A9 /* CoreLocation.framework */,
				5A21AE301B3843D9005F01A9 /* libxml2.dylib */,
				5A21AE311B3843D9005F01A9 /* MobileCoreServices.framework */,
				5A21AE321B3843D9005F01A9 /* CoreMedia.framework */,
				5A21AE331B3843D9005F01A9 /* QuartzCore.framework */,
				5A21AE341B3843D9005F01A9 /* AssetsLibrary.framework */,
				5A21AE351B3843D9005F01A9 /* CoreTelephony.framework */,
				5A21AE361B3843D9005F01A9 /* CoreText.framework */,
				5A21AE371B3843D9005F01A9 /* MapKit.framework */,
				5A21AE381B3843D9005F01A9 /* libz.dylib */,
				5A21AE391B3843D9005F01A9 /* SystemConfiguration.framework */,
				5A21AE3A1B3843D9005F01A9 /* AVFoundation.framework */,
				5A21AE3B1B3843D9005F01A9 /* ImageIO.framework */,
				5A21AE3C1B3843D9005F01A9 /* MessageUI.framework */,
				5A21AE3D1B3843D9005F01A9 /* Security.framework */,
				5A21AE3E1B3843D9005F01A9 /* CFNetwork.framework */,
				5A21AE3F1B3843D9005F01A9 /* MediaPlayer.framework */,
				5A21AE401B3843D9005F01A9 /* libsqlite3.0.dylib */,
			);
			name = Frameworks;
			sourceTree = "<group>";
		};
/* End PBXGroup section */

/* Begin PBXNativeTarget section */
		5ADEBB541B375C0F00E26E38 /* AzStackTest */ = {
			isa = PBXNativeTarget;
			buildConfigurationList = 5ADEBB781B375C0F00E26E38 /* Build configuration list for PBXNativeTarget "AzStackTest" */;
			buildPhases = (
				5ADEBB511B375C0F00E26E38 /* Sources */,
				5ADEBB521B375C0F00E26E38 /* Frameworks */,
				5ADEBB531B375C0F00E26E38 /* Resources */,
			);
			buildRules = (
			);
			dependencies = (
			);
			name = AzStackTest;
			productName = AzStackTest;
			productReference = 5ADEBB551B375C0F00E26E38 /* AzStackTest.app */;
			productType = "com.apple.product-type.application";
		};
/* End PBXNativeTarget section */

/* Begin PBXProject section */
		5ADEBB4D1B375C0F00E26E38 /* Project object */ = {
			isa = PBXProject;
			attributes = {
				LastUpgradeCheck = 0610;
				ORGANIZATIONNAME = "Phu Nguyen";
				TargetAttributes = {
					5ADEBB541B375C0F00E26E38 = {
						CreatedOnToolsVersion = 6.1.1;
						DevelopmentTeam = JHF8HJR79N;
					};
				};
			};
			buildConfigurationList = 5ADEBB501B375C0F00E26E38 /* Build configuration list for PBXProject "AzStackTest" */;
			compatibilityVersion = "Xcode 3.2";
			developmentRegion = English;
			hasScannedForEncodings = 0;
			knownRegions = (
				en,
				Base,
			);
			mainGroup = 5ADEBB4C1B375C0F00E26E38;
			productRefGroup = 5ADEBB561B375C0F00E26E38 /* Products */;
			projectDirPath = "";
			projectRoot = "";
			targets = (
				5ADEBB541B375C0F00E26E38 /* AzStackTest */,
			);
		};
/* End PBXProject section */

/* Begin PBXResourcesBuildPhase section */
		5ADEBB531B375C0F00E26E38 /* Resources */ = {
			isa = PBXResourcesBuildPhase;
			buildActionMask = 2147483647;
			files = (
				5ADEBB691B375C0F00E26E38 /* LaunchScreen.xib in Resources */,
				BF681E431BC13B7A00A6AD5F /* AzStackRes.bundle in Resources */,
				5ADEBB661B375C0F00E26E38 /* Images.xcassets in Resources */,
			);
			runOnlyForDeploymentPostprocessing = 0;
		};
/* End PBXResourcesBuildPhase section */

/* Begin PBXSourcesBuildPhase section */
		5ADEBB511B375C0F00E26E38 /* Sources */ = {
			isa = PBXSourcesBuildPhase;
			buildActionMask = 2147483647;
			files = (
				5ADEBB5E1B375C0F00E26E38 /* AppDelegate.m in Sources */,
				5ADEBB8C1B375D3B00E26E38 /* AzStackTestController.m in Sources */,
				BF5105A81B661CA200D4AB8D /* ThirdPartyImplement.m in Sources */,
				5ADEBB5B1B375C0F00E26E38 /* main.m in Sources */,
			);
			runOnlyForDeploymentPostprocessing = 0;
		};
/* End PBXSourcesBuildPhase section */

/* Begin PBXVariantGroup section */
		5ADEBB671B375C0F00E26E38 /* LaunchScreen.xib */ = {
			isa = PBXVariantGroup;
			children = (
				5ADEBB681B375C0F00E26E38 /* Base */,
			);
			name = LaunchScreen.xib;
			sourceTree = "<group>";
		};
/* End PBXVariantGroup section */

/* Begin XCBuildConfiguration section */
		5ADEBB761B375C0F00E26E38 /* Debug */ = {
			isa = XCBuildConfiguration;
			buildSettings = {
				ALWAYS_SEARCH_USER_PATHS = NO;
				CLANG_CXX_LANGUAGE_STANDARD = "gnu++0x";
				CLANG_CXX_LIBRARY = "libc++";
				CLANG_ENABLE_MODULES = YES;
				CLANG_ENABLE_OBJC_ARC = YES;
				CLANG_WARN_BOOL_CONVERSION = YES;
				CLANG_WARN_CONSTANT_CONVERSION = YES;
				CLANG_WARN_DIRECT_OBJC_ISA_USAGE = YES_ERROR;
				CLANG_WARN_EMPTY_BODY = YES;
				CLANG_WARN_ENUM_CONVERSION = YES;
				CLANG_WARN_INT_CONVERSION = YES;
				CLANG_WARN_OBJC_ROOT_CLASS = YES_ERROR;
				CLANG_WARN_UNREACHABLE_CODE = YES;
				CLANG_WARN__DUPLICATE_METHOD_MATCH = YES;
				CODE_SIGN_IDENTITY = "iPhone Developer: Huy Dau Ngoc (2YP6UJP2QG)";
				"CODE_SIGN_IDENTITY[sdk=iphoneos*]" = "iPhone Developer: Huy Dau Ngoc (2YP6UJP2QG)";
				COPY_PHASE_STRIP = NO;
				ENABLE_STRICT_OBJC_MSGSEND = YES;
				GCC_C_LANGUAGE_STANDARD = gnu99;
				GCC_DYNAMIC_NO_PIC = NO;
				GCC_OPTIMIZATION_LEVEL = 0;
				GCC_PREPROCESSOR_DEFINITIONS = (
					"DEBUG=1",
					"$(inherited)",
				);
				GCC_SYMBOLS_PRIVATE_EXTERN = NO;
				GCC_WARN_64_TO_32_BIT_CONVERSION = YES;
				GCC_WARN_ABOUT_RETURN_TYPE = YES_ERROR;
				GCC_WARN_UNDECLARED_SELECTOR = YES;
				GCC_WARN_UNINITIALIZED_AUTOS = YES_AGGRESSIVE;
				GCC_WARN_UNUSED_FUNCTION = YES;
				GCC_WARN_UNUSED_VARIABLE = YES;
				IPHONEOS_DEPLOYMENT_TARGET = 5.1;
				MTL_ENABLE_DEBUG_INFO = YES;
				ONLY_ACTIVE_ARCH = YES;
				PROVISIONING_PROFILE = "6d996a76-87d1-4196-92c7-984afc228813";
				SDKROOT = iphoneos;
			};
			name = Debug;
		};
		5ADEBB771B375C0F00E26E38 /* Release */ = {
			isa = XCBuildConfiguration;
			buildSettings = {
				ALWAYS_SEARCH_USER_PATHS = NO;
				CLANG_CXX_LANGUAGE_STANDARD = "gnu++0x";
				CLANG_CXX_LIBRARY = "libc++";
				CLANG_ENABLE_MODULES = YES;
				CLANG_ENABLE_OBJC_ARC = YES;
				CLANG_WARN_BOOL_CONVERSION = YES;
				CLANG_WARN_CONSTANT_CONVERSION = YES;
				CLANG_WARN_DIRECT_OBJC_ISA_USAGE = YES_ERROR;
				CLANG_WARN_EMPTY_BODY = YES;
				CLANG_WARN_ENUM_CONVERSION = YES;
				CLANG_WARN_INT_CONVERSION = YES;
				CLANG_WARN_OBJC_ROOT_CLASS = YES_ERROR;
				CLANG_WARN_UNREACHABLE_CODE = YES;
				CLANG_WARN__DUPLICATE_METHOD_MATCH = YES;
				CODE_SIGN_IDENTITY = "iPhone Developer: Huy Dau Ngoc (2YP6UJP2QG)";
				"CODE_SIGN_IDENTITY[sdk=iphoneos*]" = "iPhone Developer: Huy Dau Ngoc (2YP6UJP2QG)";
				COPY_PHASE_STRIP = YES;
				ENABLE_NS_ASSERTIONS = NO;
				ENABLE_STRICT_OBJC_MSGSEND = YES;
				GCC_C_LANGUAGE_STANDARD = gnu99;
				GCC_WARN_64_TO_32_BIT_CONVERSION = YES;
				GCC_WARN_ABOUT_RETURN_TYPE = YES_ERROR;
				GCC_WARN_UNDECLARED_SELECTOR = YES;
				GCC_WARN_UNINITIALIZED_AUTOS = YES_AGGRESSIVE;
				GCC_WARN_UNUSED_FUNCTION = YES;
				GCC_WARN_UNUSED_VARIABLE = YES;
				IPHONEOS_DEPLOYMENT_TARGET = 5.1;
				MTL_ENABLE_DEBUG_INFO = NO;
				PROVISIONING_PROFILE = "6d996a76-87d1-4196-92c7-984afc228813";
				SDKROOT = iphoneos;
				VALIDATE_PRODUCT = YES;
			};
			name = Release;
		};
		5ADEBB791B375C0F00E26E38 /* Debug */ = {
			isa = XCBuildConfiguration;
			buildSettings = {
				ASSETCATALOG_COMPILER_APPICON_NAME = AppIcon;
				CODE_SIGN_IDENTITY = "iPhone Developer";
				"CODE_SIGN_IDENTITY[sdk=iphoneos*]" = "iPhone Developer";
				ENABLE_BITCODE = NO;
				FRAMEWORK_SEARCH_PATHS = (
					"$(inherited)",
					"$(PROJECT_DIR)/AzStackTest",
					"$(PROJECT_DIR)/AzStackTest/AzStack",
				);
				GCC_PRECOMPILE_PREFIX_HEADER = YES;
				GCC_PREFIX_HEADER = AzStackTest/AzStack_Prefix.pch;
				INFOPLIST_FILE = AzStackTest/Info.plist;
				IPHONEOS_DEPLOYMENT_TARGET = 5.1;
				LD_RUNPATH_SEARCH_PATHS = "$(inherited) @executable_path/Frameworks";
				LIBRARY_SEARCH_PATHS = (
					"$(inherited)",
					"$(PROJECT_DIR)/AzStackTest",
					"$(PROJECT_DIR)/AzStackTest/AzStack",
				);
				OTHER_LDFLAGS = "-ObjC";
				PRODUCT_BUNDLE_IDENTIFIER = com.viettel.TestExample;
				PRODUCT_NAME = "$(TARGET_NAME)";
				PROVISIONING_PROFILE = "";
			};
			name = Debug;
		};
		5ADEBB7A1B375C0F00E26E38 /* Release */ = {
			isa = XCBuildConfiguration;
			buildSettings = {
				ASSETCATALOG_COMPILER_APPICON_NAME = AppIcon;
				CODE_SIGN_IDENTITY = "iPhone Developer";
				"CODE_SIGN_IDENTITY[sdk=iphoneos*]" = "iPhone Developer";
				ENABLE_BITCODE = NO;
				FRAMEWORK_SEARCH_PATHS = (
					"$(inherited)",
					"$(PROJECT_DIR)/AzStackTest",
					"$(PROJECT_DIR)/AzStackTest/AzStack",
				);
				GCC_PRECOMPILE_PREFIX_HEADER = YES;
				GCC_PREFIX_HEADER = AzStackTest/AzStack_Prefix.pch;
				INFOPLIST_FILE = AzStackTest/Info.plist;
				IPHONEOS_DEPLOYMENT_TARGET = 5.1;
				LD_RUNPATH_SEARCH_PATHS = "$(inherited) @executable_path/Frameworks";
				LIBRARY_SEARCH_PATHS = (
					"$(inherited)",
					"$(PROJECT_DIR)/AzStackTest",
					"$(PROJECT_DIR)/AzStackTest/AzStack",
				);
				OTHER_LDFLAGS = "-ObjC";
				PRODUCT_BUNDLE_IDENTIFIER = com.viettel.TestExample;
				PRODUCT_NAME = "$(TARGET_NAME)";
				PROVISIONING_PROFILE = "";
			};
			name = Release;
		};
/* End XCBuildConfiguration section */

/* Begin XCConfigurationList section */
		5ADEBB501B375C0F00E26E38 /* Build configuration list for PBXProject "AzStackTest" */ = {
			isa = XCConfigurationList;
			buildConfigurations = (
				5ADEBB761B375C0F00E26E38 /* Debug */,
				5ADEBB771B375C0F00E26E38 /* Release */,
			);
			defaultConfigurationIsVisible = 0;
			defaultConfigurationName = Release;
		};
		5ADEBB781B375C0F00E26E38 /* Build configuration list for PBXNativeTarget "AzStackTest" */ = {
			isa = XCConfigurationList;
			buildConfigurations = (
				5ADEBB791B375C0F00E26E38 /* Debug */,
				5ADEBB7A1B375C0F00E26E38 /* Release */,
			);
			defaultConfigurationIsVisible = 0;
			defaultConfigurationName = Release;
		};
/* End XCConfigurationList section */
	};
	rootObject = 5ADEBB4D1B375C0F00E26E38 /* Project object */;
}
